
Microsoft Visual Studio Solution File, Format Version 12.00
# Visual Studio Version 17
VisualStudioVersion = 17.1.32328.378
MinimumVisualStudioVersion = 10.0.40219.1
Project("{FAE04EC0-301F-11D3-BF4B-00C04F79EFBC}") = "FoodMenu", "Food Menu\FoodMenu.csproj", "{AB9CDB0E-F58E-4B24-A02B-C8802EE4D51C}"
EndProject
Global
	GlobalSection(SolutionConfigurationPlatforms) = preSolution
		Debug|Any CPU = Debug|Any CPU
		Release|Any CPU = Release|Any CPU
	EndGlobalSection
	GlobalSection(ProjectConfigurationPlatforms) = postSolution
		{AB9CDB0E-F58E-4B24-A02B-C8802EE4D51C}.Debug|Any CPU.ActiveCfg = Debug|Any CPU
		{AB9CDB0E-F58E-4B24-A02B-C8802EE4D51C}.Debug|Any CPU.Build.0 = Debug|Any CPU
		{AB9CDB0E-F58E-4B24-A02B-C8802EE4D51C}.Release|Any CPU.ActiveCfg = Release|Any CPU
		{AB9CDB0E-F58E-4B24-A02B-C8802EE4D51C}.Release|Any CPU.Build.0 = Release|Any CPU
	EndGlobalSection
	GlobalSection(SolutionProperties) = preSolution
		HideSolutionNode = FALSE
	EndGlobalSection
	GlobalSection(ExtensibilityGlobals) = postSolution
		SolutionGuid = {88CE7B7D-5594-422A-B6C4-971045D8BB04}
	EndGlobalSection
EndGlobal
